uuid: bde9c05d-b9e9-4b35-bbf6-e13bd3d2db3b
langcode: en
status: true
dependencies:
  config:
    - views.view.recipe_collections
  module:
    - views
  theme:
    - debugacademy_theme
_core:
  default_config_hash: E0HLSvcSJo84yye98a8UbxEugNebWa1XQAmUxBSXuus
id: debugacademy_theme_views_block__recipe_collections_block
theme: debugacademy_theme
region: header
weight: 0
provider: null
plugin: 'views_block:recipe_collections-block'
settings:
  id: 'views_block:recipe_collections-block'
  label: ''
  provider: views
  label_display: visible
  views_label: ''
  items_per_page: none
visibility: {  }
